{
  "name": "lambda-layers",
  "version": "1.0.0",
  "lockfileVersion": 1,
  "requires": true,
  "dependencies": {
    "@aws-sdk/util-dynamodb": {
      "version": "3.145.0",
      "resolved": "https://registry.npmjs.org/@aws-sdk/util-dynamodb/-/util-dynamodb-3.145.0.tgz",
      "integrity": "sha512-Vj+hJ2s9AsKTZHs0s4v3SmtQdK46C/nUn6XpWXMjXvCcZI5yNRam689+9FspGNGyLosWOMskPQFE0YmjpjIYWQ==",
      "requires": {
        "tslib": "^2.3.1"
      }
    },
    "@supercharge/promise-pool": {
      "version": "2.3.2",
      "resolved": "https://registry.npmjs.org/@supercharge/promise-pool/-/promise-pool-2.3.2.tgz",
      "integrity": "sha512-f5+C7zv+QQivcUO1FH5lXi7GcuJ3CFuJF3Eg06iArhUs5ma0szCLEQwIY4+VQyh7m/RLVZdzvr4E4ZDnLe9MNg=="
    },
    "async-retry": {
      "version": "1.3.3",
      "resolved": "https://registry.npmjs.org/async-retry/-/async-retry-1.3.3.tgz",
      "integrity": "sha512-wfr/jstw9xNi/0teMHrRW7dsz3Lt5ARhYNZ2ewpadnhaIp5mbALhOAP+EAdsC7t4Z6wqsDVv9+W6gm1Dk9mEyw==",
      "requires": {
        "retry": "0.13.1"
      }
    },
    "date-fns": {
      "version": "2.29.1",
      "resolved": "https://registry.npmjs.org/date-fns/-/date-fns-2.29.1.tgz",
      "integrity": "sha512-dlLD5rKaKxpFdnjrs+5azHDFOPEu4ANy/LTh04A1DTzMM7qoajmKCBc8pkKRFT41CNzw+4gQh79X5C+Jq27HAw=="
    },
    "dynatron": {
      "version": "6.9.0",
      "resolved": "https://registry.npmjs.org/dynatron/-/dynatron-6.9.0.tgz",
      "integrity": "sha512-GbYc+XPQmgWbtgshYa9tqLBA3mdW+jv7e5oVj0XzTKomckS9G7pAp+crjTSi422+LZU6pLekew+m6O6+v/64FQ==",
      "requires": {
        "@aws-sdk/util-dynamodb": "^3.118.0",
        "@supercharge/promise-pool": "^2.3.0",
        "async-retry": "^1.3.3",
        "ini": "^3.0.0"
      }
    },
    "ini": {
      "version": "3.0.0",
      "resolved": "https://registry.npmjs.org/ini/-/ini-3.0.0.tgz",
      "integrity": "sha512-TxYQaeNW/N8ymDvwAxPyRbhMBtnEwuvaTYpOQkFx1nSeusgezHniEc/l35Vo4iCq/mMiTJbpD7oYxN98hFlfmw=="
    },
    "moment": {
      "version": "2.29.4",
      "resolved": "https://registry.npmjs.org/moment/-/moment-2.29.4.tgz",
      "integrity": "sha512-5LC9SOxjSc2HF6vO2CyuTDNivEdoz2IvyJJGj6X8DJ0eFyfszE0QiEd+iXmBvUP3WHxSjFH/vIsA0EN00cgr8w=="
    },
    "retry": {
      "version": "0.13.1",
      "resolved": "https://registry.npmjs.org/retry/-/retry-0.13.1.tgz",
      "integrity": "sha512-XQBQ3I8W1Cge0Seh+6gjj03LbmRFWuoszgK9ooCpwYIrhhoO80pfq4cUkU5DkknwfOfFteRwlZ56PYOGYyFWdg=="
    },
    "tslib": {
      "version": "2.4.0",
      "resolved": "https://registry.npmjs.org/tslib/-/tslib-2.4.0.tgz",
      "integrity": "sha512-d6xOpEDfsi2CZVlPQzGeux8XMwLT9hssAsaPYExaQMuYskwb+x1x7J371tWlbBdWHroy99KnVB6qIkUbs5X3UQ=="
    },
    "uuid": {
      "version": "8.3.2",
      "resolved": "https://registry.npmjs.org/uuid/-/uuid-8.3.2.tgz",
      "integrity": "sha512-+NYs2QeMWy+GWFOEm9xnn6HCDp0l7QBD7ml8zLUmJ+93Q5NF0NocErnwkTkXVFNiX3/fpC6afS8Dhb/gz7R7eg=="
    }
  }
}
